// !$*UTF8*$!
{
	archiveVersion = 1;
	classes = {
	};
	objectVersion = 77;
	objects = {

/* Begin PBXBuildFile section */
		624DA49130317A0E0057AA87 /* WidgetKit.framework in Frameworks */ = {isa = PBXBuildFile; fileRef = 624DA49030317A0E0057AA87 /* WidgetKit.framework */; };
		624DA49330317A0E0057AA87 /* SwiftUI.framework in Frameworks */ = {isa = PBXBuildFile; fileRef = 624DA49230317A0E0057AA87 /* SwiftUI.framework */; };
		624DA49E30317A100057AA87 /* SimpleRecurringTaskManagerWidgetExtension.appex in Embed Foundation Extensions */ = {isa = PBXBuildFile; fileRef = 624DA48E30317A0E0057AA87 /* SimpleRecurringTaskManagerWidgetExtension.appex */; settings = {ATTRIBUTES = (RemoveHeadersOnCopy, ); }; };
/* End PBXBuildFile section */

/* Begin PBXContainerItemProxy section */
		624DA49C30317A100057AA87 /* PBXContainerItemProxy */ = {
			isa = PBXContainerItemProxy;
			containerPortal = 624DA34A30316D9F0057AA87 /* Project object */;
			proxyType = 1;
			remoteGlobalIDString = 624DA48D30317A0E0057AA87;
			remoteInfo = SimpleRecurringTaskManagerWidgetExtension;
		};
/* End PBXContainerItemProxy section */

/* Begin PBXCopyFilesBuildPhase section */
		624DA4A330317A100057AA87 /* Embed Foundation Extensions */ = {
			isa = PBXCopyFilesBuildPhase;
			buildActionMask = 2147483647;
			dstPath = "";
			dstSubfolderSpec = 13;
			files = (
				624DA49E30317A100057AA87 /* SimpleRecurringTaskManagerWidgetExtension.appex in Embed Foundation Extensions */,
			);
			name = "Embed Foundation Extensions";
			runOnlyForDeploymentPostprocessing = 0;
		};
/* End PBXCopyFilesBuildPhase section */

/* Begin PBXFileReference section */
		624DA35230316D9F0057AA87 /* SimpleRecurringTaskManager.app */ = {isa = PBXFileReference; explicitFileType = wrapper.application; includeInIndex = 0; path = SimpleRecurringTaskManager.app; sourceTree = BUILT_PRODUCTS_DIR; };
		624DA48E30317A0E0057AA87 /* SimpleRecurringTaskManagerWidgetExtension.appex */ = {isa = PBXFileReference; explicitFileType = "wrapper.app-extension"; includeInIndex = 0; path = SimpleRecurringTaskManagerWidgetExtension.appex; sourceTree = BUILT_PRODUCTS_DIR; };
		624DA49030317A0E0057AA87 /* WidgetKit.framework */ = {isa = PBXFileReference; lastKnownFileType = wrapper.framework; name = WidgetKit.framework; path = System/Library/Frameworks/WidgetKit.framework; sourceTree = SDKROOT; };
		624DA49230317A0E0057AA87 /* SwiftUI.framework */ = {isa = PBXFileReference; lastKnownFileType = wrapper.framework; name = SwiftUI.framework; path = System/Library/Frameworks/SwiftUI.framework; sourceTree = SDKROOT; };
		624DA4A430317A450057AA87 /* SimpleRecurringTaskManagerWidgetExtension.entitlements */ = {isa = PBXFileReference; lastKnownFileType = text.plist.entitlements; path = SimpleRecurringTaskManagerWidgetExtension.entitlements; sourceTree = "<group>"; };
/* End PBXFileReference section */

/* Begin PBXFileSystemSynchronizedBuildFileExceptionSet section */
		624DA36230316DA00057AA88 /* Exceptions for "SimpleRecurringTaskManager" folder in "SimpleRecurringTaskManager" target */ = {
			isa = PBXFileSystemSynchronizedBuildFileExceptionSet;
			membershipExceptions = (
				Info.plist,
			);
			target = 624DA35130316D9F0057AA87 /* SimpleRecurringTaskManager */;
		};
		624DA4A230317A100057AA87 /* Exceptions for "SimpleRecurringTaskManagerWidget" folder in "SimpleRecurringTaskManagerWidgetExtension" target */ = {
			isa = PBXFileSystemSynchronizedBuildFileExceptionSet;
			membershipExceptions = (
				Info.plist,
			);
			target = 624DA48D30317A0E0057AA87 /* SimpleRecurringTaskManagerWidgetExtension */;
		};
/* End PBXFileSystemSynchronizedBuildFileExceptionSet section */

/* Begin PBXFileSystemSynchronizedRootGroup section */
		624DA35430316D9F0057AA87 /* SimpleRecurringTaskManager */ = {
			isa = PBXFileSystemSynchronizedRootGroup;
			exceptions = (
				624DA36230316DA00057AA88 /* Exceptions for "SimpleRecurringTaskManager" folder in "SimpleRecurringTaskManager" target */,
			);
			path = SimpleRecurringTaskManager;
			sourceTree = "<group>";
		};
		624DA49430317A0E0057AA87 /* SimpleRecurringTaskManagerWidget */ = {
			isa = PBXFileSystemSynchronizedRootGroup;
			exceptions = (
				624DA4A230317A100057AA87 /* Exceptions for "SimpleRecurringTaskManagerWidget" folder in "SimpleRecurringTaskManagerWidgetExtension" target */,
			);
			path = SimpleRecurringTaskManagerWidget;
			sourceTree = "<group>";
		};
/* End PBXFileSystemSynchronizedRootGroup section */

/* Begin PBXFrameworksBuildPhase section */
		624DA34F30316D9F0057AA87 /* Frameworks */ = {
			isa = PBXFrameworksBuildPhase;
			buildActionMask = 2147483647;
			files = (
			);
			runOnlyForDeploymentPostprocessing = 0;
		};
		624DA48B30317A0E0057AA87 /* Frameworks */ = {
			isa = PBXFrameworksBuildPhase;
			buildActionMask = 2147483647;
			files = (
				624DA49330317A0E0057AA87 /* SwiftUI.framework in Frameworks */,
				624DA49130317A0E0057AA87 /* WidgetKit.framework in Frameworks */,
			);
			runOnlyForDeploymentPostprocessing = 0;
		};
/* End PBXFrameworksBuildPhase section */

/* Begin PBXGroup section */
		624DA34930316D9F0057AA87 = {
			isa = PBXGroup;
			children = (
				624DA4A430317A450057AA87 /* SimpleRecurringTaskManagerWidgetExtension.entitlements */,
				624DA35430316D9F0057AA87 /* SimpleRecurringTaskManager */,
				624DA49430317A0E0057AA87 /* SimpleRecurringTaskManagerWidget */,
				624DA48F30317A0E0057AA87 /* Frameworks */,
				624DA35330316D9F0057AA87 /* Products */,
			);
			sourceTree = "<group>";
		};
		624DA35330316D9F0057AA87 /* Products */ = {
			isa = PBXGroup;
			children = (
				624DA35230316D9F0057AA87 /* SimpleRecurringTaskManager.app */,
				624DA48E30317A0E0057AA87 /* SimpleRecurringTaskManagerWidgetExtension.appex */,
			);
			name = Products;
			sourceTree = "<group>";
		};
		624DA48F30317A0E0057AA87 /* Frameworks */ = {
			isa = PBXGroup;
			children = (
				624DA49030317A0E0057AA87 /* WidgetKit.framework */,
				624DA49230317A0E0057AA87 /* SwiftUI.framework */,
			);
			name = Frameworks;
			sourceTree = "<group>";
		};
/* End PBXGroup section */

/* Begin PBXNativeTarget section */
		624DA35130316D9F0057AA87 /* SimpleRecurringTaskManager */ = {
			isa = PBXNativeTarget;
			buildConfigurationList = 624DA35F30316DA00057AA87 /* Build configuration list for PBXNativeTarget "SimpleRecurringTaskManager" */;
			buildPhases = (
				624DA34E30316D9F0057AA87 /* Sources */,
				624DA34F30316D9F0057AA87 /* Frameworks */,
				624DA35030316D9F0057AA87 /* Resources */,
				624DA4A330317A100057AA87 /* Embed Foundation Extensions */,
			);
			buildRules = (
			);
			dependencies = (
				624DA49D30317A100057AA87 /* PBXTargetDependency */,
			);
			fileSystemSynchronizedGroups = (
				624DA35430316D9F0057AA87 /* SimpleRecurringTaskManager */,
			);
			name = SimpleRecurringTaskManager;
			packageProductDependencies = (
			);
			productName = SimpleRecurringTaskManager;
			productReference = 624DA35230316D9F0057AA87 /* SimpleRecurringTaskManager.app */;
			productType = "com.apple.product-type.application";
		};
		624DA48D30317A0E0057AA87 /* SimpleRecurringTaskManagerWidgetExtension */ = {
			isa = PBXNativeTarget;
			buildConfigurationList = 624DA49F30317A100057AA87 /* Build configuration list for PBXNativeTarget "SimpleRecurringTaskManagerWidgetExtension" */;
			buildPhases = (
				624DA48A30317A0E0057AA87 /* Sources */,
				624DA48B30317A0E0057AA87 /* Frameworks */,
				624DA48C30317A0E0057AA87 /* Resources */,
			);
			buildRules = (
			);
			dependencies = (
			);
			fileSystemSynchronizedGroups = (
				624DA49430317A0E0057AA87 /* SimpleRecurringTaskManagerWidget */,
			);
			name = SimpleRecurringTaskManagerWidgetExtension;
			packageProductDependencies = (
			);
			productName = SimpleRecurringTaskManagerWidgetExtension;
			productReference = 624DA48E30317A0E0057AA87 /* SimpleRecurringTaskManagerWidgetExtension.appex */;
			productType = "com.apple.product-type.app-extension";
		};
/* End PBXNativeTarget section */

/* Begin PBXProject section */
		624DA34A30316D9F0057AA87 /* Project object */ = {
			isa = PBXProject;
			attributes = {
				BuildIndependentTargetsInParallel = 1;
				LastSwiftUpdateCheck = 2650;
				LastUpgradeCheck = 2650;
				TargetAttributes = {
					624DA35130316D9F0057AA87 = {
						CreatedOnToolsVersion = 26.5;
					};
					624DA48D30317A0E0057AA87 = {
						CreatedOnToolsVersion = 26.5;
					};
				};
			};
			buildConfigurationList = 624DA34D30316D9F0057AA87 /* Build configuration list for PBXProject "SimpleRecurringTaskManager" */;
			developmentRegion = en;
			hasScannedForEncodings = 0;
			knownRegions = (
				en,
				Base,
			);
			mainGroup = 624DA34930316D9F0057AA87;
			minimizedProjectReferenceProxies = 1;
			preferredProjectObjectVersion = 77;
			productRefGroup = 624DA35330316D9F0057AA87 /* Products */;
			projectDirPath = "";
			projectRoot = "";
			targets = (
				624DA35130316D9F0057AA87 /* SimpleRecurringTaskManager */,
				624DA48D30317A0E0057AA87 /* SimpleRecurringTaskManagerWidgetExtension */,
			);
		};
/* End PBXProject section */

/* Begin PBXResourcesBuildPhase section */
		624DA35030316D9F0057AA87 /* Resources */ = {
			isa = PBXResourcesBuildPhase;
			buildActionMask = 2147483647;
			files = (
			);
			runOnlyForDeploymentPostprocessing = 0;
		};
		624DA48C30317A0E0057AA87 /* Resources */ = {
			isa = PBXResourcesBuildPhase;
			buildActionMask = 2147483647;
			files = (
			);
			runOnlyForDeploymentPostprocessing = 0;
		};
/* End PBXResourcesBuildPhase section */

/* Begin PBXSourcesBuildPhase section */
		624DA34E30316D9F0057AA87 /* Sources */ = {
			isa = PBXSourcesBuildPhase;
			buildActionMask = 2147483647;
			files = (
			);
			runOnlyForDeploymentPostprocessing = 0;
		};
		624DA48A30317A0E0057AA87 /* Sources */ = {
			isa = PBXSourcesBuildPhase;
			buildActionMask = 2147483647;
			files = (
			);
			runOnlyForDeploymentPostprocessing = 0;
		};
/* End PBXSourcesBuildPhase section */

/* Begin PBXTargetDependency section */
		624DA49D30317A100057AA87 /* PBXTargetDependency */ = {
			isa = PBXTargetDependency;
			target = 624DA48D30317A0E0057AA87 /* SimpleRecurringTaskManagerWidgetExtension */;
			targetProxy = 624DA49C30317A100057AA87 /* PBXContainerItemProxy */;
		};
/* End PBXTargetDependency section */

/* Begin XCBuildConfiguration section */
		624DA35D30316DA00057AA87 /* Debug */ = {
			isa = XCBuildConfiguration;
			buildSettings = {
				ALWAYS_SEARCH_USER_PATHS = NO;
				ASSETCATALOG_COMPILER_GENERATE_SWIFT_ASSET_SYMBOL_EXTENSIONS = YES;
				CLANG_ANALYZER_NONNULL = YES;
				CLANG_ANALYZER_NUMBER_OBJECT_CONVERSION = YES_AGGRESSIVE;
				CLANG_CXX_LANGUAGE_STANDARD = "gnu++20";
				CLANG_ENABLE_MODULES = YES;
				CLANG_ENABLE_OBJC_ARC = YES;
				CLANG_ENABLE_OBJC_WEAK = YES;
				CLANG_WARN_BLOCK_CAPTURE_AUTORELEASING = YES;
				CLANG_WARN_BOOL_CONVERSION = YES;
				CLANG_WARN_COMMA = YES;
				CLANG_WARN_CONSTANT_CONVERSION = YES;
				CLANG_WARN_DEPRECATED_OBJC_IMPLEMENTATIONS = YES;
				CLANG_WARN_DIRECT_OBJC_ISA_USAGE = YES_ERROR;
				CLANG_WARN_DOCUMENTATION_COMMENTS = YES;
				CLANG_WARN_EMPTY_BODY = YES;
				CLANG_WARN_ENUM_CONVERSION = YES;
				CLANG_WARN_INFINITE_RECURSION = YES;
				CLANG_WARN_INT_CONVERSION = YES;
				CLANG_WARN_NON_LITERAL_NULL_CONVERSION = YES;
				CLANG_WARN_OBJC_IMPLICIT_RETAIN_SELF = YES;
				CLANG_WARN_OBJC_LITERAL_CONVERSION = YES;
				CLANG_WARN_OBJC_ROOT_CLASS = YES_ERROR;
				CLANG_WARN_QUOTED_INCLUDE_IN_FRAMEWORK_HEADER = YES;
				CLANG_WARN_RANGE_LOOP_ANALYSIS = YES;
				CLANG_WARN_STRICT_PROTOTYPES = YES;
				CLANG_WARN_SUSPICIOUS_MOVE = YES;
				CLANG_WARN_UNGUARDED_AVAILABILITY = YES_AGGRESSIVE;
				CLANG_WARN_UNREACHABLE_CODE = YES;
				CLANG_WARN__DUPLICATE_METHOD_MATCH = YES;
				COPY_PHASE_STRIP = NO;
				DEBUG_INFORMATION_FORMAT = dwarf;
				DEVELOPMENT_TEAM = VGEXA6ZRP3;
				ENABLE_STRICT_OBJC_MSGSEND = YES;
				ENABLE_TESTABILITY = YES;
				ENABLE_USER_SCRIPT_SANDBOXING = YES;
				GCC_C_LANGUAGE_STANDARD = gnu17;
				GCC_DYNAMIC_NO_PIC = NO;
				GCC_NO_COMMON_BLOCKS = YES;
				GCC_OPTIMIZATION_LEVEL = 0;
				GCC_PREPROCESSOR_DEFINITIONS = (
					"DEBUG=1",
					"$(inherited)",
				);
				GCC_WARN_64_TO_32_BIT_CONVERSION = YES;
				GCC_WARN_ABOUT_RETURN_TYPE = YES_ERROR;
				GCC_WARN_UNDECLARED_SELECTOR = YES;
				GCC_WARN_UNINITIALIZED_AUTOS = YES_AGGRESSIVE;
				GCC_WARN_UNUSED_FUNCTION = YES;
				GCC_WARN_UNUSED_VARIABLE = YES;
				IPHONEOS_DEPLOYMENT_TARGET = 26.5;
				LOCALIZATION_PREFERS_STRING_CATALOGS = YES;
				MTL_ENABLE_DEBUG_INFO = INCLUDE_SOURCE;
				MTL_FAST_MATH = YES;
				ONLY_ACTIVE_ARCH = YES;
				SDKROOT = iphoneos;
				SWIFT_ACTIVE_COMPILATION_CONDITIONS = "DEBUG $(inherited)";
				SWIFT_OPTIMIZATION_LEVEL = "-Onone";
			};
			name = Debug;
		};
		624DA35E30316DA00057AA87 /* Release */ = {
			isa = XCBuildConfiguration;
			buildSettings = {
				ALWAYS_SEARCH_USER_PATHS = NO;
				ASSETCATALOG_COMPILER_GENERATE_SWIFT_ASSET_SYMBOL_EXTENSIONS = YES;
				CLANG_ANALYZER_NONNULL = YES;
				CLANG_ANALYZER_NUMBER_OBJECT_CONVERSION = YES_AGGRESSIVE;
				CLANG_CXX_LANGUAGE_STANDARD = "gnu++20";
				CLANG_ENABLE_MODULES = YES;
				CLANG_ENABLE_OBJC_ARC = YES;
				CLANG_ENABLE_OBJC_WEAK = YES;
				CLANG_WARN_BLOCK_CAPTURE_AUTORELEASING = YES;
				CLANG_WARN_BOOL_CONVERSION = YES;
				CLANG_WARN_COMMA = YES;
				CLANG_WARN_CONSTANT_CONVERSION = YES;
				CLANG_WARN_DEPRECATED_OBJC_IMPLEMENTATIONS = YES;
				CLANG_WARN_DIRECT_OBJC_ISA_USAGE = YES_ERROR;
				CLANG_WARN_DOCUMENTATION_COMMENTS = YES;
				CLANG_WARN_EMPTY_BODY = YES;
				CLANG_WARN_ENUM_CONVERSION = YES;
				CLANG_WARN_INFINITE_RECURSION = YES;
				CLANG_WARN_INT_CONVERSION = YES;
				CLANG_WARN_NON_LITERAL_NULL_CONVERSION = YES;
				CLANG_WARN_OBJC_IMPLICIT_RETAIN_SELF = YES;
				CLANG_WARN_OBJC_LITERAL_CONVERSION = YES;
				CLANG_WARN_OBJC_ROOT_CLASS = YES_ERROR;
				CLANG_WARN_QUOTED_INCLUDE_IN_FRAMEWORK_HEADER = YES;
				CLANG_WARN_RANGE_LOOP_ANALYSIS = YES;
				CLANG_WARN_STRICT_PROTOTYPES = YES;
				CLANG_WARN_SUSPICIOUS_MOVE = YES;
				CLANG_WARN_UNGUARDED_AVAILABILITY = YES_AGGRESSIVE;
				CLANG_WARN_UNREACHABLE_CODE = YES;
				CLANG_WARN__DUPLICATE_METHOD_MATCH = YES;
				COPY_PHASE_STRIP = NO;
				DEBUG_INFORMATION_FORMAT = "dwarf-with-dsym";
				DEVELOPMENT_TEAM = VGEXA6ZRP3;
				ENABLE_NS_ASSERTIONS = NO;
				ENABLE_STRICT_OBJC_MSGSEND = YES;
				ENABLE_USER_SCRIPT_SANDBOXING = YES;
				GCC_C_LANGUAGE_STANDARD = gnu17;
				GCC_NO_COMMON_BLOCKS = YES;
				GCC_WARN_64_TO_32_BIT_CONVERSION = YES;
				GCC_WARN_ABOUT_RETURN_TYPE = YES_ERROR;
				GCC_WARN_UNDECLARED_SELECTOR = YES;
				GCC_WARN_UNINITIALIZED_AUTOS = YES_AGGRESSIVE;
				GCC_WARN_UNUSED_FUNCTION = YES;
				GCC_WARN_UNUSED_VARIABLE = YES;
				IPHONEOS_DEPLOYMENT_TARGET = 26.5;
				LOCALIZATION_PREFERS_STRING_CATALOGS = YES;
				MTL_ENABLE_DEBUG_INFO = NO;
				MTL_FAST_MATH = YES;
				SDKROOT = iphoneos;
				SWIFT_COMPILATION_MODE = wholemodule;
				VALIDATE_PRODUCT = YES;
			};
			name = Release;
		};
		624DA36030316DA00057AA87 /* Debug */ = {
			isa = XCBuildConfiguration;
			buildSettings = {
				ASSETCATALOG_COMPILER_APPICON_NAME = AppIcon;
				ASSETCATALOG_COMPILER_GLOBAL_ACCENT_COLOR_NAME = AccentColor;
				CODE_SIGN_ENTITLEMENTS = SimpleRecurringTaskManager/SimpleRecurringTaskManager.entitlements;
				CODE_SIGN_STYLE = Automatic;
				CURRENT_PROJECT_VERSION = 1;
				DEVELOPMENT_TEAM = VGEXA6ZRP3;
				ENABLE_PREVIEWS = YES;
				GENERATE_INFOPLIST_FILE = YES;
				INFOPLIST_FILE = SimpleRecurringTaskManager/Info.plist;
				INFOPLIST_KEY_NSMicrophoneUsageDescription = "Simple Recurring Task Manager uses the microphone to convert your voice into text.";
				INFOPLIST_KEY_NSSpeechRecognitionUsageDescription = "Simple Recurring Task Manager uses speech recognition to turn spoken words into text.";
				INFOPLIST_KEY_UIApplicationSceneManifest_Generation = YES;
				INFOPLIST_KEY_UIApplicationSupportsIndirectInputEvents = YES;
				INFOPLIST_KEY_UILaunchScreen_Generation = YES;
				INFOPLIST_KEY_UISupportedInterfaceOrientations_iPad = "UIInterfaceOrientationPortrait UIInterfaceOrientationPortraitUpsideDown UIInterfaceOrientationLandscapeLeft UIInterfaceOrientationLandscapeRight";
				INFOPLIST_KEY_UISupportedInterfaceOrientations_iPhone = "UIInterfaceOrientationPortrait UIInterfaceOrientationLandscapeLeft UIInterfaceOrientationLandscapeRight";
				LD_RUNPATH_SEARCH_PATHS = (
					"$(inherited)",
					"@executable_path/Frameworks",
				);
				MARKETING_VERSION = 1.0;
				PRODUCT_BUNDLE_IDENTIFIER = Tom.SimpleRecurringTaskManager;
				PRODUCT_NAME = "$(TARGET_NAME)";
				STRING_CATALOG_GENERATE_SYMBOLS = YES;
				SWIFT_APPROACHABLE_CONCURRENCY = YES;
				SWIFT_DEFAULT_ACTOR_ISOLATION = MainActor;
				SWIFT_EMIT_LOC_STRINGS = YES;
				SWIFT_UPCOMING_FEATURE_MEMBER_IMPORT_VISIBILITY = YES;
				SWIFT_VERSION = 5.0;
				TARGETED_DEVICE_FAMILY = "1,2";
			};
			name = Debug;
		};
		624DA36130316DA00057AA87 /* Release */ = {
			isa = XCBuildConfiguration;
			buildSettings = {
				ASSETCATALOG_COMPILER_APPICON_NAME = AppIcon;
				ASSETCATALOG_COMPILER_GLOBAL_ACCENT_COLOR_NAME = AccentColor;
				CODE_SIGN_ENTITLEMENTS = SimpleRecurringTaskManager/SimpleRecurringTaskManager.entitlements;
				CODE_SIGN_STYLE = Automatic;
				CURRENT_PROJECT_VERSION = 1;
				DEVELOPMENT_TEAM = VGEXA6ZRP3;
				ENABLE_PREVIEWS = YES;
				GENERATE_INFOPLIST_FILE = YES;
				INFOPLIST_FILE = SimpleRecurringTaskManager/Info.plist;
				INFOPLIST_KEY_NSMicrophoneUsageDescription = "Simple Recurring Task Manager uses the microphone to convert your voice into text.";
				INFOPLIST_KEY_NSSpeechRecognitionUsageDescription = "Simple Recurring Task Manager uses speech recognition to turn spoken words into text.";
				INFOPLIST_KEY_UIApplicationSceneManifest_Generation = YES;
				INFOPLIST_KEY_UIApplicationSupportsIndirectInputEvents = YES;
				INFOPLIST_KEY_UILaunchScreen_Generation = YES;
				INFOPLIST_KEY_UISupportedInterfaceOrientations_iPad = "UIInterfaceOrientationPortrait UIInterfaceOrientationPortraitUpsideDown UIInterfaceOrientationLandscapeLeft UIInterfaceOrientationLandscapeRight";
				INFOPLIST_KEY_UISupportedInterfaceOrientations_iPhone = "UIInterfaceOrientationPortrait UIInterfaceOrientationLandscapeLeft UIInterfaceOrientationLandscapeRight";
				LD_RUNPATH_SEARCH_PATHS = (
					"$(inherited)",
					"@executable_path/Frameworks",
				);
				MARKETING_VERSION = 1.0;
				PRODUCT_BUNDLE_IDENTIFIER = Tom.SimpleRecurringTaskManager;
				PRODUCT_NAME = "$(TARGET_NAME)";
				STRING_CATALOG_GENERATE_SYMBOLS = YES;
				SWIFT_APPROACHABLE_CONCURRENCY = YES;
				SWIFT_DEFAULT_ACTOR_ISOLATION = MainActor;
				SWIFT_EMIT_LOC_STRINGS = YES;
				SWIFT_UPCOMING_FEATURE_MEMBER_IMPORT_VISIBILITY = YES;
				SWIFT_VERSION = 5.0;
				TARGETED_DEVICE_FAMILY = "1,2";
			};
			name = Release;
		};
		624DA4A030317A100057AA87 /* Debug */ = {
			isa = XCBuildConfiguration;
			buildSettings = {
				ASSETCATALOG_COMPILER_GLOBAL_ACCENT_COLOR_NAME = AccentColor;
				ASSETCATALOG_COMPILER_WIDGET_BACKGROUND_COLOR_NAME = WidgetBackground;
				CODE_SIGN_ENTITLEMENTS = SimpleRecurringTaskManagerWidgetExtension.entitlements;
				CODE_SIGN_STYLE = Automatic;
				CURRENT_PROJECT_VERSION = 1;
				DEVELOPMENT_TEAM = VGEXA6ZRP3;
				GENERATE_INFOPLIST_FILE = YES;
				INFOPLIST_FILE = SimpleRecurringTaskManagerWidget/Info.plist;
				INFOPLIST_KEY_CFBundleDisplayName = SimpleRecurringTaskManagerWidget;
				INFOPLIST_KEY_NSHumanReadableCopyright = "";
				LD_RUNPATH_SEARCH_PATHS = (
					"$(inherited)",
					"@executable_path/Frameworks",
					"@executable_path/../../Frameworks",
				);
				MARKETING_VERSION = 1.0;
				PRODUCT_BUNDLE_IDENTIFIER = Tom.SimpleRecurringTaskManager.SimpleRecurringTaskManagerWidget;
				PRODUCT_NAME = "$(TARGET_NAME)";
				SKIP_INSTALL = YES;
				STRING_CATALOG_GENERATE_SYMBOLS = YES;
				SWIFT_APPROACHABLE_CONCURRENCY = YES;
				SWIFT_EMIT_LOC_STRINGS = YES;
				SWIFT_UPCOMING_FEATURE_MEMBER_IMPORT_VISIBILITY = YES;
				SWIFT_VERSION = 5.0;
				TARGETED_DEVICE_FAMILY = "1,2";
			};
			name = Debug;
		};
		624DA4A130317A100057AA87 /* Release */ = {
			isa = XCBuildConfiguration;
			buildSettings = {
				ASSETCATALOG_COMPILER_GLOBAL_ACCENT_COLOR_NAME = AccentColor;
				ASSETCATALOG_COMPILER_WIDGET_BACKGROUND_COLOR_NAME = WidgetBackground;
				CODE_SIGN_ENTITLEMENTS = SimpleRecurringTaskManagerWidgetExtension.entitlements;
				CODE_SIGN_STYLE = Automatic;
				CURRENT_PROJECT_VERSION = 1;
				DEVELOPMENT_TEAM = VGEXA6ZRP3;
				GENERATE_INFOPLIST_FILE = YES;
				INFOPLIST_FILE = SimpleRecurringTaskManagerWidget/Info.plist;
				INFOPLIST_KEY_CFBundleDisplayName = SimpleRecurringTaskManagerWidget;
				INFOPLIST_KEY_NSHumanReadableCopyright = "";
				LD_RUNPATH_SEARCH_PATHS = (
					"$(inherited)",
					"@executable_path/Frameworks",
					"@executable_path/../../Frameworks",
				);
				MARKETING_VERSION = 1.0;
				PRODUCT_BUNDLE_IDENTIFIER = Tom.SimpleRecurringTaskManager.SimpleRecurringTaskManagerWidget;
				PRODUCT_NAME = "$(TARGET_NAME)";
				SKIP_INSTALL = YES;
				STRING_CATALOG_GENERATE_SYMBOLS = YES;
				SWIFT_APPROACHABLE_CONCURRENCY = YES;
				SWIFT_EMIT_LOC_STRINGS = YES;
				SWIFT_UPCOMING_FEATURE_MEMBER_IMPORT_VISIBILITY = YES;
				SWIFT_VERSION = 5.0;
				TARGETED_DEVICE_FAMILY = "1,2";
			};
			name = Release;
		};
/* End XCBuildConfiguration section */

/* Begin XCConfigurationList section */
		624DA34D30316D9F0057AA87 /* Build configuration list for PBXProject "SimpleRecurringTaskManager" */ = {
			isa = XCConfigurationList;
			buildConfigurations = (
				624DA35D30316DA00057AA87 /* Debug */,
				624DA35E30316DA00057AA87 /* Release */,
			);
			defaultConfigurationIsVisible = 0;
			defaultConfigurationName = Release;
		};
		624DA35F30316DA00057AA87 /* Build configuration list for PBXNativeTarget "SimpleRecurringTaskManager" */ = {
			isa = XCConfigurationList;
			buildConfigurations = (
				624DA36030316DA00057AA87 /* Debug */,
				624DA36130316DA00057AA87 /* Release */,
			);
			defaultConfigurationIsVisible = 0;
			defaultConfigurationName = Release;
		};
		624DA49F30317A100057AA87 /* Build configuration list for PBXNativeTarget "SimpleRecurringTaskManagerWidgetExtension" */ = {
			isa = XCConfigurationList;
			buildConfigurations = (
				624DA4A030317A100057AA87 /* Debug */,
				624DA4A130317A100057AA87 /* Release */,
			);
			defaultConfigurationIsVisible = 0;
			defaultConfigurationName = Release;
		};
/* End XCConfigurationList section */
	};
	rootObject = 624DA34A30316D9F0057AA87 /* Project object */;
}
